
Microsoft Visual Studio Solution File, Format Version 12.00
#
Project("{FAE04EC0-301F-11D3-BF4B-00C04F79EFBC}") = "Booking.DataLayer", "Booking.DataLayer\Booking.DataLayer.csproj", "{C1F456DD-6F49-48AC-8CAC-179E1BD631B9}"
EndProject
Project("{FAE04EC0-301F-11D3-BF4B-00C04F79EFBC}") = "Booking.BusinessLogic", "Booking.BusinessLogic\Booking.BusinessLogic.csproj", "{B670EC40-A31D-46A0-A5F4-E0FB019B8CBD}"
EndProject
Project("{FAE04EC0-301F-11D3-BF4B-00C04F79EFBC}") = "Booking.Web", "Booking.Web\Booking.Web.csproj", "{37A47038-EF5D-41CA-841C-C5003B52493D}"
EndProject
Project("{FAE04EC0-301F-11D3-BF4B-00C04F79EFBC}") = "Booking.Client", "Booking.Client\Booking.Client.csproj", "{C298A3DE-71BE-4CF2-863B-5E270D781CA3}"
EndProject
Project("{FAE04EC0-301F-11D3-BF4B-00C04F79EFBC}") = "Booking.IdentityServer", "Booking.IdentityServer\Booking.IdentityServer.csproj", "{873913E9-AB0B-4C25-8877-3A290EB85B99}"
EndProject
Project("{FAE04EC0-301F-11D3-BF4B-00C04F79EFBC}") = "Booking.Api", "Booking.Api\Booking.Api.csproj", "{323E3803-5869-4C73-8C51-CC6B67391205}"
EndProject
Project("{FAE04EC0-301F-11D3-BF4B-00C04F79EFBC}") = "Booking.Shared.Models", "Booking.Shared.Models\Booking.Shared.Models.csproj", "{A0EC37A9-7AD4-4AC5-B9A5-D7BBCD083AC0}"
EndProject
Global
	GlobalSection(SolutionConfigurationPlatforms) = preSolution
		Debug|Any CPU = Debug|Any CPU
		Release|Any CPU = Release|Any CPU
	EndGlobalSection
	GlobalSection(ProjectConfigurationPlatforms) = postSolution
		{C1F456DD-6F49-48AC-8CAC-179E1BD631B9}.Debug|Any CPU.ActiveCfg = Debug|Any CPU
		{C1F456DD-6F49-48AC-8CAC-179E1BD631B9}.Debug|Any CPU.Build.0 = Debug|Any CPU
		{C1F456DD-6F49-48AC-8CAC-179E1BD631B9}.Release|Any CPU.ActiveCfg = Release|Any CPU
		{C1F456DD-6F49-48AC-8CAC-179E1BD631B9}.Release|Any CPU.Build.0 = Release|Any CPU
		{B670EC40-A31D-46A0-A5F4-E0FB019B8CBD}.Debug|Any CPU.ActiveCfg = Debug|Any CPU
		{B670EC40-A31D-46A0-A5F4-E0FB019B8CBD}.Debug|Any CPU.Build.0 = Debug|Any CPU
		{B670EC40-A31D-46A0-A5F4-E0FB019B8CBD}.Release|Any CPU.ActiveCfg = Release|Any CPU
		{B670EC40-A31D-46A0-A5F4-E0FB019B8CBD}.Release|Any CPU.Build.0 = Release|Any CPU
		{37A47038-EF5D-41CA-841C-C5003B52493D}.Debug|Any CPU.ActiveCfg = Debug|Any CPU
		{37A47038-EF5D-41CA-841C-C5003B52493D}.Debug|Any CPU.Build.0 = Debug|Any CPU
		{37A47038-EF5D-41CA-841C-C5003B52493D}.Release|Any CPU.ActiveCfg = Release|Any CPU
		{37A47038-EF5D-41CA-841C-C5003B52493D}.Release|Any CPU.Build.0 = Release|Any CPU
		{C298A3DE-71BE-4CF2-863B-5E270D781CA3}.Debug|Any CPU.ActiveCfg = Debug|Any CPU
		{C298A3DE-71BE-4CF2-863B-5E270D781CA3}.Debug|Any CPU.Build.0 = Debug|Any CPU
		{C298A3DE-71BE-4CF2-863B-5E270D781CA3}.Release|Any CPU.ActiveCfg = Release|Any CPU
		{C298A3DE-71BE-4CF2-863B-5E270D781CA3}.Release|Any CPU.Build.0 = Release|Any CPU
		{873913E9-AB0B-4C25-8877-3A290EB85B99}.Debug|Any CPU.ActiveCfg = Debug|Any CPU
		{873913E9-AB0B-4C25-8877-3A290EB85B99}.Debug|Any CPU.Build.0 = Debug|Any CPU
		{873913E9-AB0B-4C25-8877-3A290EB85B99}.Release|Any CPU.ActiveCfg = Release|Any CPU
		{873913E9-AB0B-4C25-8877-3A290EB85B99}.Release|Any CPU.Build.0 = Release|Any CPU
		{323E3803-5869-4C73-8C51-CC6B67391205}.Debug|Any CPU.ActiveCfg = Debug|Any CPU
		{323E3803-5869-4C73-8C51-CC6B67391205}.Debug|Any CPU.Build.0 = Debug|Any CPU
		{323E3803-5869-4C73-8C51-CC6B67391205}.Release|Any CPU.ActiveCfg = Release|Any CPU
		{323E3803-5869-4C73-8C51-CC6B67391205}.Release|Any CPU.Build.0 = Release|Any CPU
		{A0EC37A9-7AD4-4AC5-B9A5-D7BBCD083AC0}.Debug|Any CPU.ActiveCfg = Debug|Any CPU
		{A0EC37A9-7AD4-4AC5-B9A5-D7BBCD083AC0}.Debug|Any CPU.Build.0 = Debug|Any CPU
		{A0EC37A9-7AD4-4AC5-B9A5-D7BBCD083AC0}.Release|Any CPU.ActiveCfg = Release|Any CPU
		{A0EC37A9-7AD4-4AC5-B9A5-D7BBCD083AC0}.Release|Any CPU.Build.0 = Release|Any CPU
	EndGlobalSection
EndGlobal
